
Microsoft Visual Studio Solution File, Format Version 12.00
# Visual Studio Version 17
VisualStudioVersion = 17.5.002.0
MinimumVisualStudioVersion = 10.0.40219.1
Project("{9A19103F-16F7-4668-BE54-9A1E7A4F7556}") = "MiProyecto", "MiProyecto\MiProyecto.csproj", "{A3E198BA-45D7-422D-B642-2219572C5064}"
EndProject
Global
	GlobalSection(SolutionConfigurationPlatforms) = preSolution
		Debug|Any CPU = Debug|Any CPU
		Release|Any CPU = Release|Any CPU
	EndGlobalSection
	GlobalSection(ProjectConfigurationPlatforms) = postSolution
		{A3E198BA-45D7-422D-B642-2219572C5064}.Debug|Any CPU.ActiveCfg = Debug|Any CPU
		{A3E198BA-45D7-422D-B642-2219572C5064}.Debug|Any CPU.Build.0 = Debug|Any CPU
		{A3E198BA-45D7-422D-B642-2219572C5064}.Release|Any CPU.ActiveCfg = Release|Any CPU
		{A3E198BA-45D7-422D-B642-2219572C5064}.Release|Any CPU.Build.0 = Release|Any CPU
	EndGlobalSection
	GlobalSection(SolutionProperties) = preSolution
		HideSolutionNode = FALSE
	EndGlobalSection
	GlobalSection(ExtensibilityGlobals) = postSolution
		SolutionGuid = {51698274-E45A-452A-97A1-0CF68CA81421}
	EndGlobalSection
EndGlobal
